github.com/aws/aws-lambda-go v1.49.0 h1:z4VhTqkFZPM3xpEtTqWqRqsRH4TZBMJqTkRiBPYLqIQ=
github.com/aws/aws-lambda-go v1.49.0/go.mod h1:dpMpZgvWx5vuQJfBt0zqBha60q7Dd7RfgJv23DymV8A=
github.com/aws/aws-sdk-go-v2 v1.37.0 h1:YtCOESR/pN4j5oA7cVHSfOwIcuh/KwHC4DOSXFbv5F0=
github.com/aws/aws-sdk-go-v2 v1.37.0/go.mod h1:9Q0OoGQoboYIAJyslFyF1f5K1Ryddop8gqMhWx/n4Wg=
github.com/aws/aws-sdk-go-v2/config v1.25.0 h1:WCwAqyrM/kqYi6pHjVpq/w2pLydeGKv8Af9vdtO3ciM=
github.com/aws/aws-sdk-go-v2/config v1.25.0/go.mod h1:1QMnmhoWcR6957nC1MUUhhOLx9NOGFSVNG3Mag9vLU4=
github.com/aws/aws-sdk-go-v2/credentials v1.16.0 h1:sSEHkXonpZBSPcyUBDRlZjxOi14qM/UK7/vfKhGwmTo=
github.com/aws/aws-sdk-go-v2/credentials v1.16.0/go.mod h1:tXM8wmaeAhfC7nZoCxb0FzM/aRaB1m1WQ7x0qlBLq80=
github.com/aws/aws-sdk-go-v2/feature/ec2/imds v1.14.3 h1:G5KawTAkyHH6WyKQCdHiW4h3PmAXNJpOgwKg3H7sDRE=
github.com/aws/aws-sdk-go-v2/feature/ec2/imds v1.14.3/go.mod h1:hugKmSFnZB+HgNI1sYGT14BUPZkO6alC/e0AWu+0IAQ=
github.com/aws/aws-sdk-go-v2/internal/configsources v1.4.0 h1:H2iZoqW/v2Jnrh1FnU725Bq6KJ0k2uP63yH+DcY+HUI=
github.com/aws/aws-sdk-go-v2/internal/configsources v1.4.0/go.mod h1:L0FqLbwMXHvNC/7crWV1iIxUlOKYZUE8KuTIA+TozAI=
github.com/aws/aws-sdk-go-v2/internal/endpoints/v2 v2.7.0 h1:EDped/rNzAhFPhVY0sDGbtD16OKqksfA8OjF/kLEgw8=
github.com/aws/aws-sdk-go-v2/internal/endpoints/v2 v2.7.0/go.mod h1:uUI335jvzpZRPpjYx6ODc/wg1qH+NnoSTK/FwVeK0C0=
github.com/aws/aws-sdk-go-v2/internal/ini v1.7.0 h1:usgqiJtamuGIBj+OvYmMq89+Z1hIKkMJToz1WpoeNUY=
github.com/aws/aws-sdk-go-v2/internal/ini v1.7.0/go.mod h1:6fQQgfuGmw8Al/3M2IgIllycxV7ZW7WCdVSqfBeUiCY=
github.com/aws/aws-sdk-go-v2/service/dynamodb v1.45.0 h1:b71OPISZ5Tj4ehCRJKnabIq2U68pldgKqhiUMHnVNQ4=
github.com/aws/aws-sdk-go-v2/service/dynamodb v1.45.0/go.mod h1:+ZRTIYCk/PNwz8+ZGLBzvFu7Nl1/w7phtbEZFlvOZWc=
github.com/aws/aws-sdk-go-v2/service/internal/accept-encoding v1.13.0 h1:6+lZi2JeGKtCraAj1rpoZfKqnQ9SptseRZioejfUOLM=
github.com/aws/aws-sdk-go-v2/service/internal/accept-encoding v1.13.0/go.mod h1:eb3gfbVIxIoGgJsi9pGne19dhCBpK6opTYpQqAmdy44=
github.com/aws/aws-sdk-go-v2/service/internal/endpoint-discovery v1.11.0 h1:d/XdC88Wp2JVsomt1yw+nQgAX42fYwZlEK4K4zzHZuA=
github.com/aws/aws-sdk-go-v2/service/internal/endpoint-discovery v1.11.0/go.mod h1:ZfRwNlclmR48RAgflKBOi43bY1MjvraHZPsG3A/i0iw=
github.com/aws/aws-sdk-go-v2/service/internal/presigned-url v1.10.2 h1:h7j73yuAVVjic8pqswh+L/7r2IHP43QwRyOu6zcCDDE=
github.com/aws/aws-sdk-go-v2/service/internal/presigned-url v1.10.2/go.mod h1:H07AHdK5LSy8F7EJUQhoxyiCNkePoHj2D8P2yGTWafo=
github.com/aws/aws-sdk-go-v2/service/sso v1.17.1 h1:km+ZNjtLtpXYf42RdaDZnNHm9s7SYAuDGTafy6nd89A=
github.com/aws/aws-sdk-go-v2/service/sso v1.17.1/go.mod h1:aHBr3pvBSD5MbzOvQtYutyPLLRPbl/y9x86XyJJnUXQ=
github.com/aws/aws-sdk-go-v2/service/ssooidc v1.19.1 h1:iRFNqZH4a67IqPvK8xxtyQYnyrlsvwmpHOe9r55ggBA=
github.com/aws/aws-sdk-go-v2/service/ssooidc v1.19.1/go.mod h1:pTy5WM+6sNv2tB24JNKFtn6EvciQ5k40ZJ0pq/Iaxj0=
github.com/aws/aws-sdk-go-v2/service/sts v1.25.1 h1:txgVXIXWPXyqdiVn92BV6a/rgtpX31HYdsOYj0sVQQQ=
github.com/aws/aws-sdk-go-v2/service/sts v1.25.1/go.mod h1:VAiJiNaoP1L89STFlEMgmHX1bKixY+FaP+TpRFrmyZ4=
github.com/aws/smithy-go v1.22.5 h1:P9ATCXPMb2mPjYBgueqJNCA5S9UfktsW0tTxi+a7eqw=
github.com/aws/smithy-go v1.22.5/go.mod h1:t1ufH5HMublsJYulve2RKmHDC15xu1f26kHCp/HgceI=
github.com/davecgh/go-spew v1.1.1 h1:vj9j/u1bqnvCEfJOwUhtlOARqs3+rkHYY13jYWTU97c=
github.com/davecgh/go-spew v1.1.1/go.mod h1:J7Y8YcW2NihsgmVo/mv3lAwl/skON4iLHjSsI+c5H38=
github.com/google/go-cmp v0.5.8 h1:e6P7q2lk1O+qJJb4BtCQXlK8vWEO8V1ZeuEdJNOqZyg=
github.com/google/go-cmp v0.5.8/go.mod h1:17dUlkBOakJ0+DkrSSNjCkIjxS6bF9zb3elmeNGIjoY=
github.com/pmezard/go-difflib v1.0.0 h1:4DBwDE0NGyQoBHbLQYPwSUPoCMWR5BEzIk/f1lZbAQM=
github.com/pmezard/go-difflib v1.0.0/go.mod h1:iKH77koFhYxTK1pcRnkKkqfTogsbg7gZNVY4sRDYZ/4=
github.com/stretchr/testify v1.7.2 h1:4jaiDzPyXQvSd7D0EjG45355tLlV3VOECpq10pLC+8s=
github.com/stretchr/testify v1.7.2/go.mod h1:R6va5+xMeoiuVRoj+gSkQ7d3FALtqAAGI1FQKckRals=
gopkg.in/yaml.v3 v3.0.1 h1:fxVm/GzAzEWqLHuvctI91KS9hhNmmWOoWu0XTYJS7CA=
gopkg.in/yaml.v3 v3.0.1/go.mod h1:K4uyk7z7BCEPqu6E+C64Yfv1cQ7kz7rIZviUmN+EgEM=
